
Microsoft Visual Studio Solution File, Format Version 12.00
# Visual Studio 15
VisualStudioVersion = 15.0.28010.2048
MinimumVisualStudioVersion = 10.0.40219.1
Project("{8BC9CEB8-8B4A-11D0-8D11-00A0C91BC942}") = "Sandbox", "Sandbox\Sandbox.vcxproj", "{1A429498-2426-4C14-8E2D-03ECC849E2C8}"
EndProject
Project("{8BC9CEB8-8B4A-11D0-8D11-00A0C91BC942}") = "SpagEty", "SpagEty\SpagEty.vcxproj", "{0CA2035C-FC3B-4E65-ABD2-0E54E402F8EE}"
EndProject
Global
	GlobalSection(SolutionConfigurationPlatforms) = preSolution
		Debug|x64 = Debug|x64
		Release|x64 = Release|x64
	EndGlobalSection
	GlobalSection(ProjectConfigurationPlatforms) = postSolution
		{1A429498-2426-4C14-8E2D-03ECC849E2C8}.Debug|x64.ActiveCfg = Debug|x64
		{1A429498-2426-4C14-8E2D-03ECC849E2C8}.Debug|x64.Build.0 = Debug|x64
		{1A429498-2426-4C14-8E2D-03ECC849E2C8}.Release|x64.ActiveCfg = Release|x64
		{1A429498-2426-4C14-8E2D-03ECC849E2C8}.Release|x64.Build.0 = Release|x64
		{0CA2035C-FC3B-4E65-ABD2-0E54E402F8EE}.Debug|x64.ActiveCfg = Debug|x64
		{0CA2035C-FC3B-4E65-ABD2-0E54E402F8EE}.Debug|x64.Build.0 = Debug|x64
		{0CA2035C-FC3B-4E65-ABD2-0E54E402F8EE}.Release|x64.ActiveCfg = Release|x64
		{0CA2035C-FC3B-4E65-ABD2-0E54E402F8EE}.Release|x64.Build.0 = Release|x64
	EndGlobalSection
	GlobalSection(SolutionProperties) = preSolution
		HideSolutionNode = FALSE
	EndGlobalSection
	GlobalSection(ExtensibilityGlobals) = postSolution
		SolutionGuid = {4774D4E3-7C26-4660-89E0-4209B7CA3827}
	EndGlobalSection
EndGlobal
